
Microsoft Visual Studio Solution File, Format Version 12.00
# Visual Studio Version 17
VisualStudioVersion = 17.7.34009.444
MinimumVisualStudioVersion = 10.0.40219.1
Project("{FAE04EC0-301F-11D3-BF4B-00C04F79EFBC}") = "FHP", "FHP\FHP.csproj", "{E473F0C9-8F69-41A6-871C-86AB8E2948E2}"
EndProject
Project("{FAE04EC0-301F-11D3-BF4B-00C04F79EFBC}") = "FHP_VO", "ValueObjects\FHP_VO.csproj", "{3D788091-3778-4A63-976F-774F7E187F31}"
EndProject
Project("{FAE04EC0-301F-11D3-BF4B-00C04F79EFBC}") = "FHP_DL", "DataLayer\FHP_DL.csproj", "{087E761E-DB5C-47AE-ACA0-A854904E0887}"
EndProject
Project("{FAE04EC0-301F-11D3-BF4B-00C04F79EFBC}") = "FHP_BL", "BusinessModel\FHP_BL.csproj", "{E3EB8EBC-4BFA-4CF9-A8C6-30181AAD4751}"
EndProject
Project("{FAE04EC0-301F-11D3-BF4B-00C04F79EFBC}") = "FHP_Resources", "Resource\FHP_Resources.csproj", "{4B47A2F9-7D4B-4DC9-B279-621CD8EABEA9}"
EndProject
Project("{FAE04EC0-301F-11D3-BF4B-00C04F79EFBC}") = "FHP_INT_DL", "FHP_INT_DL\FHP_INT_DL.csproj", "{5E337EF6-F70C-4EF1-8D97-D6EE0F42587B}"
EndProject
Project("{FAE04EC0-301F-11D3-BF4B-00C04F79EFBC}") = "init", "init\init.csproj", "{EEC2C162-9DF1-4CDF-BD53-A995EE0C5505}"
EndProject
Project("{FAE04EC0-301F-11D3-BF4B-00C04F79EFBC}") = "fhp_webUI", "fhp_webUI\fhp_webUI.csproj", "{63A46199-E6D1-4CA5-8E2C-837A70A21299}"
EndProject
Global
	GlobalSection(SolutionConfigurationPlatforms) = preSolution
		Debug|Any CPU = Debug|Any CPU
		Release|Any CPU = Release|Any CPU
	EndGlobalSection
	GlobalSection(ProjectConfigurationPlatforms) = postSolution
		{E473F0C9-8F69-41A6-871C-86AB8E2948E2}.Debug|Any CPU.ActiveCfg = Debug|Any CPU
		{E473F0C9-8F69-41A6-871C-86AB8E2948E2}.Debug|Any CPU.Build.0 = Debug|Any CPU
		{E473F0C9-8F69-41A6-871C-86AB8E2948E2}.Release|Any CPU.ActiveCfg = Release|Any CPU
		{E473F0C9-8F69-41A6-871C-86AB8E2948E2}.Release|Any CPU.Build.0 = Release|Any CPU
		{3D788091-3778-4A63-976F-774F7E187F31}.Debug|Any CPU.ActiveCfg = Debug|Any CPU
		{3D788091-3778-4A63-976F-774F7E187F31}.Debug|Any CPU.Build.0 = Debug|Any CPU
		{3D788091-3778-4A63-976F-774F7E187F31}.Release|Any CPU.ActiveCfg = Release|Any CPU
		{3D788091-3778-4A63-976F-774F7E187F31}.Release|Any CPU.Build.0 = Release|Any CPU
		{087E761E-DB5C-47AE-ACA0-A854904E0887}.Debug|Any CPU.ActiveCfg = Debug|Any CPU
		{087E761E-DB5C-47AE-ACA0-A854904E0887}.Debug|Any CPU.Build.0 = Debug|Any CPU
		{087E761E-DB5C-47AE-ACA0-A854904E0887}.Release|Any CPU.ActiveCfg = Release|Any CPU
		{087E761E-DB5C-47AE-ACA0-A854904E0887}.Release|Any CPU.Build.0 = Release|Any CPU
		{E3EB8EBC-4BFA-4CF9-A8C6-30181AAD4751}.Debug|Any CPU.ActiveCfg = Debug|Any CPU
		{E3EB8EBC-4BFA-4CF9-A8C6-30181AAD4751}.Debug|Any CPU.Build.0 = Debug|Any CPU
		{E3EB8EBC-4BFA-4CF9-A8C6-30181AAD4751}.Release|Any CPU.ActiveCfg = Release|Any CPU
		{E3EB8EBC-4BFA-4CF9-A8C6-30181AAD4751}.Release|Any CPU.Build.0 = Release|Any CPU
		{4B47A2F9-7D4B-4DC9-B279-621CD8EABEA9}.Debug|Any CPU.ActiveCfg = Debug|Any CPU
		{4B47A2F9-7D4B-4DC9-B279-621CD8EABEA9}.Debug|Any CPU.Build.0 = Debug|Any CPU
		{4B47A2F9-7D4B-4DC9-B279-621CD8EABEA9}.Release|Any CPU.ActiveCfg = Release|Any CPU
		{4B47A2F9-7D4B-4DC9-B279-621CD8EABEA9}.Release|Any CPU.Build.0 = Release|Any CPU
		{5E337EF6-F70C-4EF1-8D97-D6EE0F42587B}.Debug|Any CPU.ActiveCfg = Debug|Any CPU
		{5E337EF6-F70C-4EF1-8D97-D6EE0F42587B}.Debug|Any CPU.Build.0 = Debug|Any CPU
		{5E337EF6-F70C-4EF1-8D97-D6EE0F42587B}.Release|Any CPU.ActiveCfg = Release|Any CPU
		{5E337EF6-F70C-4EF1-8D97-D6EE0F42587B}.Release|Any CPU.Build.0 = Release|Any CPU
		{EEC2C162-9DF1-4CDF-BD53-A995EE0C5505}.Debug|Any CPU.ActiveCfg = Debug|Any CPU
		{EEC2C162-9DF1-4CDF-BD53-A995EE0C5505}.Debug|Any CPU.Build.0 = Debug|Any CPU
		{EEC2C162-9DF1-4CDF-BD53-A995EE0C5505}.Release|Any CPU.ActiveCfg = Release|Any CPU
		{EEC2C162-9DF1-4CDF-BD53-A995EE0C5505}.Release|Any CPU.Build.0 = Release|Any CPU
		{63A46199-E6D1-4CA5-8E2C-837A70A21299}.Debug|Any CPU.ActiveCfg = Debug|Any CPU
		{63A46199-E6D1-4CA5-8E2C-837A70A21299}.Debug|Any CPU.Build.0 = Debug|Any CPU
		{63A46199-E6D1-4CA5-8E2C-837A70A21299}.Release|Any CPU.ActiveCfg = Release|Any CPU
		{63A46199-E6D1-4CA5-8E2C-837A70A21299}.Release|Any CPU.Build.0 = Release|Any CPU
	EndGlobalSection
	GlobalSection(SolutionProperties) = preSolution
		HideSolutionNode = FALSE
	EndGlobalSection
	GlobalSection(ExtensibilityGlobals) = postSolution
		SolutionGuid = {7626D3E8-CA24-4A00-9F2C-3B9151646A5D}
	EndGlobalSection
EndGlobal
